
Microsoft Visual Studio Solution File, Format Version 12.00
# Visual Studio 15
Project("{FAE04EC0-301F-11D3-BF4B-00C04F79EFBC}") = "Assembly-CSharp", "Assembly-CSharp.csproj", "{86AC8109-EB50-5C44-ABD6-A694EFF77193}"
EndProject
Global
	GlobalSection(SolutionConfigurationPlatforms) = preSolution
		Debug|Any CPU = Debug|Any CPU
		Release|Any CPU = Release|Any CPU
	EndGlobalSection
	GlobalSection(ProjectConfigurationPlatforms) = postSolution
		{86AC8109-EB50-5C44-ABD6-A694EFF77193}.Debug|Any CPU.ActiveCfg = Debug|Any CPU
		{86AC8109-EB50-5C44-ABD6-A694EFF77193}.Debug|Any CPU.Build.0 = Debug|Any CPU
		{86AC8109-EB50-5C44-ABD6-A694EFF77193}.Release|Any CPU.ActiveCfg = Release|Any CPU
		{86AC8109-EB50-5C44-ABD6-A694EFF77193}.Release|Any CPU.Build.0 = Release|Any CPU
	EndGlobalSection
	GlobalSection(SolutionProperties) = preSolution
		HideSolutionNode = FALSE
	EndGlobalSection
EndGlobal
